
Microsoft Visual Studio Solution File, Format Version 12.00
# Visual Studio Version 17
VisualStudioVersion = 17.7.34031.279
MinimumVisualStudioVersion = 10.0.40219.1
Project("{FAE04EC0-301F-11D3-BF4B-00C04F79EFBC}") = "SumDigits", "SumDigits\SumDigits.csproj", "{DED4154B-5D84-4F55-A3F2-E65B9655FD38}"
EndProject
Global
	GlobalSection(SolutionConfigurationPlatforms) = preSolution
		Debug|Any CPU = Debug|Any CPU
		Release|Any CPU = Release|Any CPU
	EndGlobalSection
	GlobalSection(ProjectConfigurationPlatforms) = postSolution
		{DED4154B-5D84-4F55-A3F2-E65B9655FD38}.Debug|Any CPU.ActiveCfg = Debug|Any CPU
		{DED4154B-5D84-4F55-A3F2-E65B9655FD38}.Debug|Any CPU.Build.0 = Debug|Any CPU
		{DED4154B-5D84-4F55-A3F2-E65B9655FD38}.Release|Any CPU.ActiveCfg = Release|Any CPU
		{DED4154B-5D84-4F55-A3F2-E65B9655FD38}.Release|Any CPU.Build.0 = Release|Any CPU
	EndGlobalSection
	GlobalSection(SolutionProperties) = preSolution
		HideSolutionNode = FALSE
	EndGlobalSection
	GlobalSection(ExtensibilityGlobals) = postSolution
		SolutionGuid = {5B9BD2F6-385A-4FDF-A6B2-B96EEF47309F}
	EndGlobalSection
EndGlobal
